
Microsoft Visual Studio Solution File, Format Version 12.00
# Visual Studio Version 17
VisualStudioVersion = 17.5.002.0
MinimumVisualStudioVersion = 10.0.40219.1
Project("{9A19103F-16F7-4668-BE54-9A1E7A4F7556}") = "DieTest", "DieTest.csproj", "{31B38528-FC2F-4AE1-8F28-98916D335E32}"
EndProject
Global
	GlobalSection(SolutionConfigurationPlatforms) = preSolution
		Debug|Any CPU = Debug|Any CPU
		Release|Any CPU = Release|Any CPU
	EndGlobalSection
	GlobalSection(ProjectConfigurationPlatforms) = postSolution
		{31B38528-FC2F-4AE1-8F28-98916D335E32}.Debug|Any CPU.ActiveCfg = Debug|Any CPU
		{31B38528-FC2F-4AE1-8F28-98916D335E32}.Debug|Any CPU.Build.0 = Debug|Any CPU
		{31B38528-FC2F-4AE1-8F28-98916D335E32}.Release|Any CPU.ActiveCfg = Release|Any CPU
		{31B38528-FC2F-4AE1-8F28-98916D335E32}.Release|Any CPU.Build.0 = Release|Any CPU
	EndGlobalSection
	GlobalSection(SolutionProperties) = preSolution
		HideSolutionNode = FALSE
	EndGlobalSection
	GlobalSection(ExtensibilityGlobals) = postSolution
		SolutionGuid = {85FF02A7-A214-4F16-A669-0421BBB2C6D6}
	EndGlobalSection
EndGlobal
